
Microsoft Visual Studio Solution File, Format Version 12.00
# Visual Studio Version 16
VisualStudioVersion = 16.0.31624.102
MinimumVisualStudioVersion = 10.0.40219.1
Project("{9A19103F-16F7-4668-BE54-9A1E7A4F7556}") = "parse_prjct", "parse_prjct\parse_prjct.csproj", "{E847A862-4A96-4A72-BCDA-36B556DEFA30}"
EndProject
Project("{9A19103F-16F7-4668-BE54-9A1E7A4F7556}") = "TlgSrv", "TlgSrv\TlgSrv.csproj", "{D1ADAC0C-F21B-4F1D-9DB2-A733608A8B49}"
EndProject
Project("{9A19103F-16F7-4668-BE54-9A1E7A4F7556}") = "Parse", "Parse\Parse.csproj", "{328EFCCF-8702-4650-A524-C9F7A76D2D30}"
EndProject
Project("{9A19103F-16F7-4668-BE54-9A1E7A4F7556}") = "TlgCoreWorkerService", "TlgCoreWorkerService\TlgCoreWorkerService.csproj", "{1A7EBE55-63B2-4C85-82BA-622E9DCEAB4E}"
EndProject
Project("{2150E333-8FDC-42A3-9474-1A3956D46DE8}") = "Telegram", "Telegram", "{347FDBEF-39BF-44F6-9B79-47EA1DB42D0A}"
EndProject
Project("{9A19103F-16F7-4668-BE54-9A1E7A4F7556}") = "BotAnalyst.Core", "BotAnalyst.Core\BotAnalyst.Core.csproj", "{0E680BC8-5256-4280-A472-ADD0EF2630B9}"
EndProject
Project("{9A19103F-16F7-4668-BE54-9A1E7A4F7556}") = "ParseService", "ParseService\ParseService.csproj", "{99CD9268-1AFE-4E9D-81D9-56D30627360A}"
EndProject
Project("{FAE04EC0-301F-11D3-BF4B-00C04F79EFBC}") = "ParsingPrjc", "ParsingPrjc\ParsingPrjc.csproj", "{A4649AE0-CF9B-4367-9038-85E218547886}"
EndProject
Project("{2150E333-8FDC-42A3-9474-1A3956D46DE8}") = "ParseModels", "ParseModels", "{0C6F7EE0-4B6C-4443-95CF-FDF72E114312}"
EndProject
Project("{9A19103F-16F7-4668-BE54-9A1E7A4F7556}") = "ParseTXT_ver1", "ParseTXT_ver1\ParseTXT_ver1.csproj", "{343D0571-CF8D-408F-9760-7CEDC843529A}"
EndProject
Project("{9A19103F-16F7-4668-BE54-9A1E7A4F7556}") = "ParseCSV_ver1", "ParseCSV_ver1\ParseCSV_ver1.csproj", "{BD03D881-2EF4-4AC2-A853-A1424FFB114A}"
EndProject
Project("{2150E333-8FDC-42A3-9474-1A3956D46DE8}") = "Gen", "Gen", "{22AA9A49-BB2D-4BD3-AC47-8F9ED426949D}"
EndProject
Project("{9A19103F-16F7-4668-BE54-9A1E7A4F7556}") = "GenNumers", "GenNumers\GenNumers.csproj", "{BE210FE9-5263-455C-9D6C-B55A8E96EC67}"
EndProject
Project("{FAE04EC0-301F-11D3-BF4B-00C04F79EFBC}") = "GenNumbersGUI", "GenNumbersGUI\GenNumbersGUI.csproj", "{CCA03964-AFA4-4B60-A5E6-4B59B9592AF8}"
EndProject
Project("{9A19103F-16F7-4668-BE54-9A1E7A4F7556}") = "ParseTXT_ver2", "ParseTXT_ver2\ParseTXT_ver2.csproj", "{29C5FFC8-FCC4-4B31-B84D-5ECDCD06C27B}"
EndProject
Global
	GlobalSection(SolutionConfigurationPlatforms) = preSolution
		Debug|Any CPU = Debug|Any CPU
		Release|Any CPU = Release|Any CPU
	EndGlobalSection
	GlobalSection(ProjectConfigurationPlatforms) = postSolution
		{E847A862-4A96-4A72-BCDA-36B556DEFA30}.Debug|Any CPU.ActiveCfg = Debug|Any CPU
		{E847A862-4A96-4A72-BCDA-36B556DEFA30}.Debug|Any CPU.Build.0 = Debug|Any CPU
		{E847A862-4A96-4A72-BCDA-36B556DEFA30}.Release|Any CPU.ActiveCfg = Release|Any CPU
		{E847A862-4A96-4A72-BCDA-36B556DEFA30}.Release|Any CPU.Build.0 = Release|Any CPU
		{D1ADAC0C-F21B-4F1D-9DB2-A733608A8B49}.Debug|Any CPU.ActiveCfg = Debug|Any CPU
		{D1ADAC0C-F21B-4F1D-9DB2-A733608A8B49}.Debug|Any CPU.Build.0 = Debug|Any CPU
		{D1ADAC0C-F21B-4F1D-9DB2-A733608A8B49}.Release|Any CPU.ActiveCfg = Release|Any CPU
		{D1ADAC0C-F21B-4F1D-9DB2-A733608A8B49}.Release|Any CPU.Build.0 = Release|Any CPU
		{328EFCCF-8702-4650-A524-C9F7A76D2D30}.Debug|Any CPU.ActiveCfg = Debug|Any CPU
		{328EFCCF-8702-4650-A524-C9F7A76D2D30}.Debug|Any CPU.Build.0 = Debug|Any CPU
		{328EFCCF-8702-4650-A524-C9F7A76D2D30}.Release|Any CPU.ActiveCfg = Release|Any CPU
		{328EFCCF-8702-4650-A524-C9F7A76D2D30}.Release|Any CPU.Build.0 = Release|Any CPU
		{1A7EBE55-63B2-4C85-82BA-622E9DCEAB4E}.Debug|Any CPU.ActiveCfg = Debug|Any CPU
		{1A7EBE55-63B2-4C85-82BA-622E9DCEAB4E}.Debug|Any CPU.Build.0 = Debug|Any CPU
		{1A7EBE55-63B2-4C85-82BA-622E9DCEAB4E}.Release|Any CPU.ActiveCfg = Release|Any CPU
		{1A7EBE55-63B2-4C85-82BA-622E9DCEAB4E}.Release|Any CPU.Build.0 = Release|Any CPU
		{0E680BC8-5256-4280-A472-ADD0EF2630B9}.Debug|Any CPU.ActiveCfg = Debug|Any CPU
		{0E680BC8-5256-4280-A472-ADD0EF2630B9}.Debug|Any CPU.Build.0 = Debug|Any CPU
		{0E680BC8-5256-4280-A472-ADD0EF2630B9}.Release|Any CPU.ActiveCfg = Release|Any CPU
		{0E680BC8-5256-4280-A472-ADD0EF2630B9}.Release|Any CPU.Build.0 = Release|Any CPU
		{99CD9268-1AFE-4E9D-81D9-56D30627360A}.Debug|Any CPU.ActiveCfg = Debug|Any CPU
		{99CD9268-1AFE-4E9D-81D9-56D30627360A}.Debug|Any CPU.Build.0 = Debug|Any CPU
		{99CD9268-1AFE-4E9D-81D9-56D30627360A}.Release|Any CPU.ActiveCfg = Release|Any CPU
		{99CD9268-1AFE-4E9D-81D9-56D30627360A}.Release|Any CPU.Build.0 = Release|Any CPU
		{A4649AE0-CF9B-4367-9038-85E218547886}.Debug|Any CPU.ActiveCfg = Debug|Any CPU
		{A4649AE0-CF9B-4367-9038-85E218547886}.Debug|Any CPU.Build.0 = Debug|Any CPU
		{A4649AE0-CF9B-4367-9038-85E218547886}.Release|Any CPU.ActiveCfg = Release|Any CPU
		{A4649AE0-CF9B-4367-9038-85E218547886}.Release|Any CPU.Build.0 = Release|Any CPU
		{343D0571-CF8D-408F-9760-7CEDC843529A}.Debug|Any CPU.ActiveCfg = Debug|Any CPU
		{343D0571-CF8D-408F-9760-7CEDC843529A}.Debug|Any CPU.Build.0 = Debug|Any CPU
		{343D0571-CF8D-408F-9760-7CEDC843529A}.Release|Any CPU.ActiveCfg = Release|Any CPU
		{343D0571-CF8D-408F-9760-7CEDC843529A}.Release|Any CPU.Build.0 = Release|Any CPU
		{BD03D881-2EF4-4AC2-A853-A1424FFB114A}.Debug|Any CPU.ActiveCfg = Debug|Any CPU
		{BD03D881-2EF4-4AC2-A853-A1424FFB114A}.Debug|Any CPU.Build.0 = Debug|Any CPU
		{BD03D881-2EF4-4AC2-A853-A1424FFB114A}.Release|Any CPU.ActiveCfg = Release|Any CPU
		{BD03D881-2EF4-4AC2-A853-A1424FFB114A}.Release|Any CPU.Build.0 = Release|Any CPU
		{BE210FE9-5263-455C-9D6C-B55A8E96EC67}.Debug|Any CPU.ActiveCfg = Debug|Any CPU
		{BE210FE9-5263-455C-9D6C-B55A8E96EC67}.Debug|Any CPU.Build.0 = Debug|Any CPU
		{BE210FE9-5263-455C-9D6C-B55A8E96EC67}.Release|Any CPU.ActiveCfg = Release|Any CPU
		{BE210FE9-5263-455C-9D6C-B55A8E96EC67}.Release|Any CPU.Build.0 = Release|Any CPU
		{CCA03964-AFA4-4B60-A5E6-4B59B9592AF8}.Debug|Any CPU.ActiveCfg = Debug|Any CPU
		{CCA03964-AFA4-4B60-A5E6-4B59B9592AF8}.Debug|Any CPU.Build.0 = Debug|Any CPU
		{CCA03964-AFA4-4B60-A5E6-4B59B9592AF8}.Release|Any CPU.ActiveCfg = Release|Any CPU
		{CCA03964-AFA4-4B60-A5E6-4B59B9592AF8}.Release|Any CPU.Build.0 = Release|Any CPU
		{29C5FFC8-FCC4-4B31-B84D-5ECDCD06C27B}.Debug|Any CPU.ActiveCfg = Debug|Any CPU
		{29C5FFC8-FCC4-4B31-B84D-5ECDCD06C27B}.Debug|Any CPU.Build.0 = Debug|Any CPU
		{29C5FFC8-FCC4-4B31-B84D-5ECDCD06C27B}.Release|Any CPU.ActiveCfg = Release|Any CPU
		{29C5FFC8-FCC4-4B31-B84D-5ECDCD06C27B}.Release|Any CPU.Build.0 = Release|Any CPU
	EndGlobalSection
	GlobalSection(SolutionProperties) = preSolution
		HideSolutionNode = FALSE
	EndGlobalSection
	GlobalSection(NestedProjects) = preSolution
		{0E680BC8-5256-4280-A472-ADD0EF2630B9} = {347FDBEF-39BF-44F6-9B79-47EA1DB42D0A}
		{343D0571-CF8D-408F-9760-7CEDC843529A} = {0C6F7EE0-4B6C-4443-95CF-FDF72E114312}
		{BD03D881-2EF4-4AC2-A853-A1424FFB114A} = {0C6F7EE0-4B6C-4443-95CF-FDF72E114312}
		{BE210FE9-5263-455C-9D6C-B55A8E96EC67} = {22AA9A49-BB2D-4BD3-AC47-8F9ED426949D}
		{CCA03964-AFA4-4B60-A5E6-4B59B9592AF8} = {22AA9A49-BB2D-4BD3-AC47-8F9ED426949D}
		{29C5FFC8-FCC4-4B31-B84D-5ECDCD06C27B} = {0C6F7EE0-4B6C-4443-95CF-FDF72E114312}
	EndGlobalSection
	GlobalSection(ExtensibilityGlobals) = postSolution
		SolutionGuid = {AA222D84-0779-4701-A4C3-4D5AC2D41C2C}
	EndGlobalSection
EndGlobal
